// !$*UTF8*$!
{
	archiveVersion = 1;
	classes = {
	};
	objectVersion = 56;
	objects = {

/* Begin PBXBuildFile section */
		7C205A4E2C5F626500646C10 /* Environmental_FeedbackApp.swift in Sources */ = {isa = PBXBuildFile; fileRef = 7C205A4D2C5F626500646C10 /* Environmental_FeedbackApp.swift */; };
		7C205A502C5F626500646C10 /* ContentView.swift in Sources */ = {isa = PBXBuildFile; fileRef = 7C205A4F2C5F626500646C10 /* ContentView.swift */; };
		7C205A522C5F626700646C10 /* Assets.xcassets in Resources */ = {isa = PBXBuildFile; fileRef = 7C205A512C5F626700646C10 /* Assets.xcassets */; };
		7C205A552C5F626700646C10 /* Preview Assets.xcassets in Resources */ = {isa = PBXBuildFile; fileRef = 7C205A542C5F626700646C10 /* Preview Assets.xcassets */; };
		7C205A5F2C5F653400646C10 /* AudioKit in Frameworks */ = {isa = PBXBuildFile; productRef = 7C205A5E2C5F653400646C10 /* AudioKit */; };
		7C4FEBBE2C64C382000E2865 /* AudioKitUI in Frameworks */ = {isa = PBXBuildFile; productRef = 7C4FEBBD2C64C382000E2865 /* AudioKitUI */; };
		7C949D6E2C7A293000CB17BA /* EarTrackingView.swift in Sources */ = {isa = PBXBuildFile; fileRef = 7C949D6D2C7A293000CB17BA /* EarTrackingView.swift */; };
		7C949D712C7A297400CB17BA /* CameraViewController.swift in Sources */ = {isa = PBXBuildFile; fileRef = 7C949D702C7A297400CB17BA /* CameraViewController.swift */; };
		7C949D732C7A4B4700CB17BA /* CameraView.swift in Sources */ = {isa = PBXBuildFile; fileRef = 7C949D722C7A4B4700CB17BA /* CameraView.swift */; };
		7C949D762C7A4BF700CB17BA /* CameraPreview.swift in Sources */ = {isa = PBXBuildFile; fileRef = 7C949D752C7A4BF700CB17BA /* CameraPreview.swift */; };
		7C949D792C7A4C7A00CB17BA /* AppError.swift in Sources */ = {isa = PBXBuildFile; fileRef = 7C949D782C7A4C7A00CB17BA /* AppError.swift */; };
		7CD1CB702C688E0000887861 /* AudioManager.swift in Sources */ = {isa = PBXBuildFile; fileRef = 7CD1CB6F2C688E0000887861 /* AudioManager.swift */; };
		7CD1CB762C68BA5500887861 /* AudioKitEX in Frameworks */ = {isa = PBXBuildFile; productRef = 7CD1CB752C68BA5500887861 /* AudioKitEX */; };
		7CD1CB782C69016300887861 /* FFTView.swift in Sources */ = {isa = PBXBuildFile; fileRef = 7CD1CB772C69016300887861 /* FFTView.swift */; };
		7CD1CB7C2C6F4FF100887861 /* RecordLooperView.swift in Sources */ = {isa = PBXBuildFile; fileRef = 7CD1CB7B2C6F4FF100887861 /* RecordLooperView.swift */; };
		7CD1CB7E2C6F58A000887861 /* TransportView.swift in Sources */ = {isa = PBXBuildFile; fileRef = 7CD1CB7D2C6F58A000887861 /* TransportView.swift */; };
		7CD1CB802C6F598300887861 /* BufferView.swift in Sources */ = {isa = PBXBuildFile; fileRef = 7CD1CB7F2C6F598300887861 /* BufferView.swift */; };
		7CD1CB822C6FA04C00887861 /* MultiSliderView.swift in Sources */ = {isa = PBXBuildFile; fileRef = 7CD1CB812C6FA04C00887861 /* MultiSliderView.swift */; };
		7CD1CB882C70971D00887861 /* SoundpipeAudioKit in Frameworks */ = {isa = PBXBuildFile; productRef = 7CD1CB872C70971D00887861 /* SoundpipeAudioKit */; };
/* End PBXBuildFile section */

/* Begin PBXFileReference section */
		7C205A4A2C5F626500646C10 /* Environmental Feedback.app */ = {isa = PBXFileReference; explicitFileType = wrapper.application; includeInIndex = 0; path = "Environmental Feedback.app"; sourceTree = BUILT_PRODUCTS_DIR; };
		7C205A4D2C5F626500646C10 /* Environmental_FeedbackApp.swift */ = {isa = PBXFileReference; lastKnownFileType = sourcecode.swift; path = Environmental_FeedbackApp.swift; sourceTree = "<group>"; };
		7C205A4F2C5F626500646C10 /* ContentView.swift */ = {isa = PBXFileReference; lastKnownFileType = sourcecode.swift; path = ContentView.swift; sourceTree = "<group>"; };
		7C205A512C5F626700646C10 /* Assets.xcassets */ = {isa = PBXFileReference; lastKnownFileType = folder.assetcatalog; path = Assets.xcassets; sourceTree = "<group>"; };
		7C205A542C5F626700646C10 /* Preview Assets.xcassets */ = {isa = PBXFileReference; lastKnownFileType = folder.assetcatalog; path = "Preview Assets.xcassets"; sourceTree = "<group>"; };
		7C949D6D2C7A293000CB17BA /* EarTrackingView.swift */ = {isa = PBXFileReference; lastKnownFileType = sourcecode.swift; path = EarTrackingView.swift; sourceTree = "<group>"; };
		7C949D702C7A297400CB17BA /* CameraViewController.swift */ = {isa = PBXFileReference; lastKnownFileType = sourcecode.swift; path = CameraViewController.swift; sourceTree = "<group>"; };
		7C949D722C7A4B4700CB17BA /* CameraView.swift */ = {isa = PBXFileReference; lastKnownFileType = sourcecode.swift; path = CameraView.swift; sourceTree = "<group>"; };
		7C949D752C7A4BF700CB17BA /* CameraPreview.swift */ = {isa = PBXFileReference; lastKnownFileType = sourcecode.swift; path = CameraPreview.swift; sourceTree = "<group>"; };
		7C949D782C7A4C7A00CB17BA /* AppError.swift */ = {isa = PBXFileReference; lastKnownFileType = sourcecode.swift; path = AppError.swift; sourceTree = "<group>"; };
		7CD1CB6F2C688E0000887861 /* AudioManager.swift */ = {isa = PBXFileReference; lastKnownFileType = sourcecode.swift; path = AudioManager.swift; sourceTree = "<group>"; };
		7CD1CB772C69016300887861 /* FFTView.swift */ = {isa = PBXFileReference; lastKnownFileType = sourcecode.swift; path = FFTView.swift; sourceTree = "<group>"; };
		7CD1CB7B2C6F4FF100887861 /* RecordLooperView.swift */ = {isa = PBXFileReference; lastKnownFileType = sourcecode.swift; path = RecordLooperView.swift; sourceTree = "<group>"; };
		7CD1CB7D2C6F58A000887861 /* TransportView.swift */ = {isa = PBXFileReference; lastKnownFileType = sourcecode.swift; path = TransportView.swift; sourceTree = "<group>"; };
		7CD1CB7F2C6F598300887861 /* BufferView.swift */ = {isa = PBXFileReference; lastKnownFileType = sourcecode.swift; path = BufferView.swift; sourceTree = "<group>"; };
		7CD1CB812C6FA04C00887861 /* MultiSliderView.swift */ = {isa = PBXFileReference; lastKnownFileType = sourcecode.swift; path = MultiSliderView.swift; sourceTree = "<group>"; };
		7CD1CB892C71FC2900887861 /* Environmental-Feedback-Info.plist */ = {isa = PBXFileReference; lastKnownFileType = text.plist; path = "Environmental-Feedback-Info.plist"; sourceTree = SOURCE_ROOT; };
/* End PBXFileReference section */

/* Begin PBXFrameworksBuildPhase section */
		7C205A472C5F626500646C10 /* Frameworks */ = {
			isa = PBXFrameworksBuildPhase;
			buildActionMask = 2147483647;
			files = (
				7CD1CB762C68BA5500887861 /* AudioKitEX in Frameworks */,
				7C4FEBBE2C64C382000E2865 /* AudioKitUI in Frameworks */,
				7CD1CB882C70971D00887861 /* SoundpipeAudioKit in Frameworks */,
				7C205A5F2C5F653400646C10 /* AudioKit in Frameworks */,
			);
			runOnlyForDeploymentPostprocessing = 0;
		};
/* End PBXFrameworksBuildPhase section */

/* Begin PBXGroup section */
		7C205A412C5F626500646C10 = {
			isa = PBXGroup;
			children = (
				7C205A4C2C5F626500646C10 /* Environmental Feedback */,
				7C205A4B2C5F626500646C10 /* Products */,
			);
			sourceTree = "<group>";
		};
		7C205A4B2C5F626500646C10 /* Products */ = {
			isa = PBXGroup;
			children = (
				7C205A4A2C5F626500646C10 /* Environmental Feedback.app */,
			);
			name = Products;
			sourceTree = "<group>";
		};
		7C205A4C2C5F626500646C10 /* Environmental Feedback */ = {
			isa = PBXGroup;
			children = (
				7CD1CB892C71FC2900887861 /* Environmental-Feedback-Info.plist */,
				7C205A4D2C5F626500646C10 /* Environmental_FeedbackApp.swift */,
				7CD1CB712C6896B500887861 /* Views */,
				7C949D742C7A4B5500CB17BA /* CameraView */,
				7C205A602C5F668400646C10 /* AudioProcessing */,
				7C949D772C7A4C6400CB17BA /* Supporting Files */,
				7C205A512C5F626700646C10 /* Assets.xcassets */,
				7C205A532C5F626700646C10 /* Preview Content */,
			);
			path = "Environmental Feedback";
			sourceTree = "<group>";
		};
		7C205A532C5F626700646C10 /* Preview Content */ = {
			isa = PBXGroup;
			children = (
				7C205A542C5F626700646C10 /* Preview Assets.xcassets */,
			);
			path = "Preview Content";
			sourceTree = "<group>";
		};
		7C205A602C5F668400646C10 /* AudioProcessing */ = {
			isa = PBXGroup;
			children = (
				7CD1CB6F2C688E0000887861 /* AudioManager.swift */,
			);
			path = AudioProcessing;
			sourceTree = "<group>";
		};
		7C949D742C7A4B5500CB17BA /* CameraView */ = {
			isa = PBXGroup;
			children = (
				7C949D722C7A4B4700CB17BA /* CameraView.swift */,
				7C949D702C7A297400CB17BA /* CameraViewController.swift */,
				7C949D752C7A4BF700CB17BA /* CameraPreview.swift */,
			);
			path = CameraView;
			sourceTree = "<group>";
		};
		7C949D772C7A4C6400CB17BA /* Supporting Files */ = {
			isa = PBXGroup;
			children = (
				7C949D782C7A4C7A00CB17BA /* AppError.swift */,
			);
			path = "Supporting Files";
			sourceTree = "<group>";
		};
		7CD1CB712C6896B500887861 /* Views */ = {
			isa = PBXGroup;
			children = (
				7C205A4F2C5F626500646C10 /* ContentView.swift */,
				7CD1CB772C69016300887861 /* FFTView.swift */,
				7CD1CB7B2C6F4FF100887861 /* RecordLooperView.swift */,
				7CD1CB7D2C6F58A000887861 /* TransportView.swift */,
				7CD1CB7F2C6F598300887861 /* BufferView.swift */,
				7CD1CB812C6FA04C00887861 /* MultiSliderView.swift */,
				7C949D6D2C7A293000CB17BA /* EarTrackingView.swift */,
			);
			path = Views;
			sourceTree = "<group>";
		};
/* End PBXGroup section */

/* Begin PBXNativeTarget section */
		7C205A492C5F626500646C10 /* Environmental Feedback */ = {
			isa = PBXNativeTarget;
			buildConfigurationList = 7C205A582C5F626700646C10 /* Build configuration list for PBXNativeTarget "Environmental Feedback" */;
			buildPhases = (
				7C205A462C5F626500646C10 /* Sources */,
				7C205A472C5F626500646C10 /* Frameworks */,
				7C205A482C5F626500646C10 /* Resources */,
			);
			buildRules = (
			);
			dependencies = (
			);
			name = "Environmental Feedback";
			packageProductDependencies = (
				7C205A5E2C5F653400646C10 /* AudioKit */,
				7C4FEBBD2C64C382000E2865 /* AudioKitUI */,
				7CD1CB752C68BA5500887861 /* AudioKitEX */,
				7CD1CB872C70971D00887861 /* SoundpipeAudioKit */,
			);
			productName = "Environmental Feedback";
			productReference = 7C205A4A2C5F626500646C10 /* Environmental Feedback.app */;
			productType = "com.apple.product-type.application";
		};
/* End PBXNativeTarget section */

/* Begin PBXProject section */
		7C205A422C5F626500646C10 /* Project object */ = {
			isa = PBXProject;
			attributes = {
				BuildIndependentTargetsInParallel = 1;
				LastSwiftUpdateCheck = 1500;
				LastUpgradeCheck = 1500;
				TargetAttributes = {
					7C205A492C5F626500646C10 = {
						CreatedOnToolsVersion = 15.0;
					};
				};
			};
			buildConfigurationList = 7C205A452C5F626500646C10 /* Build configuration list for PBXProject "Environmental Feedback" */;
			compatibilityVersion = "Xcode 14.0";
			developmentRegion = en;
			hasScannedForEncodings = 0;
			knownRegions = (
				en,
				Base,
			);
			mainGroup = 7C205A412C5F626500646C10;
			packageReferences = (
				7C205A5D2C5F653400646C10 /* XCRemoteSwiftPackageReference "AudioKit" */,
				7C4FEBBC2C64C382000E2865 /* XCRemoteSwiftPackageReference "AudioKitUI" */,
				7CD1CB742C68BA5500887861 /* XCRemoteSwiftPackageReference "AudioKitEX" */,
				7CD1CB862C70971D00887861 /* XCRemoteSwiftPackageReference "SoundpipeAudioKit" */,
			);
			productRefGroup = 7C205A4B2C5F626500646C10 /* Products */;
			projectDirPath = "";
			projectRoot = "";
			targets = (
				7C205A492C5F626500646C10 /* Environmental Feedback */,
			);
		};
/* End PBXProject section */

/* Begin PBXResourcesBuildPhase section */
		7C205A482C5F626500646C10 /* Resources */ = {
			isa = PBXResourcesBuildPhase;
			buildActionMask = 2147483647;
			files = (
				7C205A552C5F626700646C10 /* Preview Assets.xcassets in Resources */,
				7C205A522C5F626700646C10 /* Assets.xcassets in Resources */,
			);
			runOnlyForDeploymentPostprocessing = 0;
		};
/* End PBXResourcesBuildPhase section */

/* Begin PBXSourcesBuildPhase section */
		7C205A462C5F626500646C10 /* Sources */ = {
			isa = PBXSourcesBuildPhase;
			buildActionMask = 2147483647;
			files = (
				7CD1CB7C2C6F4FF100887861 /* RecordLooperView.swift in Sources */,
				7C949D712C7A297400CB17BA /* CameraViewController.swift in Sources */,
				7CD1CB822C6FA04C00887861 /* MultiSliderView.swift in Sources */,
				7CD1CB802C6F598300887861 /* BufferView.swift in Sources */,
				7C949D792C7A4C7A00CB17BA /* AppError.swift in Sources */,
				7C205A502C5F626500646C10 /* ContentView.swift in Sources */,
				7C205A4E2C5F626500646C10 /* Environmental_FeedbackApp.swift in Sources */,
				7CD1CB702C688E0000887861 /* AudioManager.swift in Sources */,
				7C949D732C7A4B4700CB17BA /* CameraView.swift in Sources */,
				7CD1CB7E2C6F58A000887861 /* TransportView.swift in Sources */,
				7C949D762C7A4BF700CB17BA /* CameraPreview.swift in Sources */,
				7C949D6E2C7A293000CB17BA /* EarTrackingView.swift in Sources */,
				7CD1CB782C69016300887861 /* FFTView.swift in Sources */,
			);
			runOnlyForDeploymentPostprocessing = 0;
		};
/* End PBXSourcesBuildPhase section */

/* Begin XCBuildConfiguration section */
		7C205A562C5F626700646C10 /* Debug */ = {
			isa = XCBuildConfiguration;
			buildSettings = {
				ALWAYS_SEARCH_USER_PATHS = NO;
				ASSETCATALOG_COMPILER_GENERATE_SWIFT_ASSET_SYMBOL_EXTENSIONS = YES;
				CLANG_ANALYZER_NONNULL = YES;
				CLANG_ANALYZER_NUMBER_OBJECT_CONVERSION = YES_AGGRESSIVE;
				CLANG_CXX_LANGUAGE_STANDARD = "gnu++20";
				CLANG_ENABLE_MODULES = YES;
				CLANG_ENABLE_OBJC_ARC = YES;
				CLANG_ENABLE_OBJC_WEAK = YES;
				CLANG_WARN_BLOCK_CAPTURE_AUTORELEASING = YES;
				CLANG_WARN_BOOL_CONVERSION = YES;
				CLANG_WARN_COMMA = YES;
				CLANG_WARN_CONSTANT_CONVERSION = YES;
				CLANG_WARN_DEPRECATED_OBJC_IMPLEMENTATIONS = YES;
				CLANG_WARN_DIRECT_OBJC_ISA_USAGE = YES_ERROR;
				CLANG_WARN_DOCUMENTATION_COMMENTS = YES;
				CLANG_WARN_EMPTY_BODY = YES;
				CLANG_WARN_ENUM_CONVERSION = YES;
				CLANG_WARN_INFINITE_RECURSION = YES;
				CLANG_WARN_INT_CONVERSION = YES;
				CLANG_WARN_NON_LITERAL_NULL_CONVERSION = YES;
				CLANG_WARN_OBJC_IMPLICIT_RETAIN_SELF = YES;
				CLANG_WARN_OBJC_LITERAL_CONVERSION = YES;
				CLANG_WARN_OBJC_ROOT_CLASS = YES_ERROR;
				CLANG_WARN_QUOTED_INCLUDE_IN_FRAMEWORK_HEADER = YES;
				CLANG_WARN_RANGE_LOOP_ANALYSIS = YES;
				CLANG_WARN_STRICT_PROTOTYPES = YES;
				CLANG_WARN_SUSPICIOUS_MOVE = YES;
				CLANG_WARN_UNGUARDED_AVAILABILITY = YES_AGGRESSIVE;
				CLANG_WARN_UNREACHABLE_CODE = YES;
				CLANG_WARN__DUPLICATE_METHOD_MATCH = YES;
				COPY_PHASE_STRIP = NO;
				DEBUG_INFORMATION_FORMAT = dwarf;
				ENABLE_STRICT_OBJC_MSGSEND = YES;
				ENABLE_TESTABILITY = YES;
				ENABLE_USER_SCRIPT_SANDBOXING = YES;
				GCC_C_LANGUAGE_STANDARD = gnu17;
				GCC_DYNAMIC_NO_PIC = NO;
				GCC_NO_COMMON_BLOCKS = YES;
				GCC_OPTIMIZATION_LEVEL = 0;
				GCC_PREPROCESSOR_DEFINITIONS = (
					"DEBUG=1",
					"$(inherited)",
				);
				GCC_WARN_64_TO_32_BIT_CONVERSION = YES;
				GCC_WARN_ABOUT_RETURN_TYPE = YES_ERROR;
				GCC_WARN_UNDECLARED_SELECTOR = YES;
				GCC_WARN_UNINITIALIZED_AUTOS = YES_AGGRESSIVE;
				GCC_WARN_UNUSED_FUNCTION = YES;
				GCC_WARN_UNUSED_VARIABLE = YES;
				IPHONEOS_DEPLOYMENT_TARGET = 17.0;
				LOCALIZATION_PREFERS_STRING_CATALOGS = YES;
				MTL_ENABLE_DEBUG_INFO = INCLUDE_SOURCE;
				MTL_FAST_MATH = YES;
				ONLY_ACTIVE_ARCH = YES;
				SDKROOT = iphoneos;
				SWIFT_ACTIVE_COMPILATION_CONDITIONS = "DEBUG $(inherited)";
				SWIFT_OPTIMIZATION_LEVEL = "-Onone";
			};
			name = Debug;
		};
		7C205A572C5F626700646C10 /* Release */ = {
			isa = XCBuildConfiguration;
			buildSettings = {
				ALWAYS_SEARCH_USER_PATHS = NO;
				ASSETCATALOG_COMPILER_GENERATE_SWIFT_ASSET_SYMBOL_EXTENSIONS = YES;
				CLANG_ANALYZER_NONNULL = YES;
				CLANG_ANALYZER_NUMBER_OBJECT_CONVERSION = YES_AGGRESSIVE;
				CLANG_CXX_LANGUAGE_STANDARD = "gnu++20";
				CLANG_ENABLE_MODULES = YES;
				CLANG_ENABLE_OBJC_ARC = YES;
				CLANG_ENABLE_OBJC_WEAK = YES;
				CLANG_WARN_BLOCK_CAPTURE_AUTORELEASING = YES;
				CLANG_WARN_BOOL_CONVERSION = YES;
				CLANG_WARN_COMMA = YES;
				CLANG_WARN_CONSTANT_CONVERSION = YES;
				CLANG_WARN_DEPRECATED_OBJC_IMPLEMENTATIONS = YES;
				CLANG_WARN_DIRECT_OBJC_ISA_USAGE = YES_ERROR;
				CLANG_WARN_DOCUMENTATION_COMMENTS = YES;
				CLANG_WARN_EMPTY_BODY = YES;
				CLANG_WARN_ENUM_CONVERSION = YES;
				CLANG_WARN_INFINITE_RECURSION = YES;
				CLANG_WARN_INT_CONVERSION = YES;
				CLANG_WARN_NON_LITERAL_NULL_CONVERSION = YES;
				CLANG_WARN_OBJC_IMPLICIT_RETAIN_SELF = YES;
				CLANG_WARN_OBJC_LITERAL_CONVERSION = YES;
				CLANG_WARN_OBJC_ROOT_CLASS = YES_ERROR;
				CLANG_WARN_QUOTED_INCLUDE_IN_FRAMEWORK_HEADER = YES;
				CLANG_WARN_RANGE_LOOP_ANALYSIS = YES;
				CLANG_WARN_STRICT_PROTOTYPES = YES;
				CLANG_WARN_SUSPICIOUS_MOVE = YES;
				CLANG_WARN_UNGUARDED_AVAILABILITY = YES_AGGRESSIVE;
				CLANG_WARN_UNREACHABLE_CODE = YES;
				CLANG_WARN__DUPLICATE_METHOD_MATCH = YES;
				COPY_PHASE_STRIP = NO;
				DEBUG_INFORMATION_FORMAT = "dwarf-with-dsym";
				ENABLE_NS_ASSERTIONS = NO;
				ENABLE_STRICT_OBJC_MSGSEND = YES;
				ENABLE_USER_SCRIPT_SANDBOXING = YES;
				GCC_C_LANGUAGE_STANDARD = gnu17;
				GCC_NO_COMMON_BLOCKS = YES;
				GCC_WARN_64_TO_32_BIT_CONVERSION = YES;
				GCC_WARN_ABOUT_RETURN_TYPE = YES_ERROR;
				GCC_WARN_UNDECLARED_SELECTOR = YES;
				GCC_WARN_UNINITIALIZED_AUTOS = YES_AGGRESSIVE;
				GCC_WARN_UNUSED_FUNCTION = YES;
				GCC_WARN_UNUSED_VARIABLE = YES;
				IPHONEOS_DEPLOYMENT_TARGET = 17.0;
				LOCALIZATION_PREFERS_STRING_CATALOGS = YES;
				MTL_ENABLE_DEBUG_INFO = NO;
				MTL_FAST_MATH = YES;
				SDKROOT = iphoneos;
				SWIFT_COMPILATION_MODE = wholemodule;
				VALIDATE_PRODUCT = YES;
			};
			name = Release;
		};
		7C205A592C5F626700646C10 /* Debug */ = {
			isa = XCBuildConfiguration;
			buildSettings = {
				ASSETCATALOG_COMPILER_APPICON_NAME = AppIcon;
				ASSETCATALOG_COMPILER_GLOBAL_ACCENT_COLOR_NAME = AccentColor;
				CODE_SIGN_STYLE = Automatic;
				CURRENT_PROJECT_VERSION = 3;
				DEVELOPMENT_ASSET_PATHS = "\"Environmental Feedback/Preview Content\"";
				DEVELOPMENT_TEAM = JJM4XR9TZN;
				ENABLE_PREVIEWS = YES;
				GENERATE_INFOPLIST_FILE = YES;
				INFOPLIST_FILE = "Environmental-Feedback-Info.plist";
				INFOPLIST_KEY_CFBundleDisplayName = "";
				INFOPLIST_KEY_LSApplicationCategoryType = "public.app-category.lifestyle";
				INFOPLIST_KEY_NSCameraUsageDescription = "Control sound with your head";
				INFOPLIST_KEY_NSMicrophoneUsageDescription = "Microphone needed for capturing enviroment";
				INFOPLIST_KEY_UIApplicationSceneManifest_Generation = YES;
				INFOPLIST_KEY_UIApplicationSupportsIndirectInputEvents = YES;
				INFOPLIST_KEY_UILaunchScreen_Generation = YES;
				INFOPLIST_KEY_UISupportedInterfaceOrientations_iPad = "UIInterfaceOrientationPortrait UIInterfaceOrientationPortraitUpsideDown UIInterfaceOrientationLandscapeLeft UIInterfaceOrientationLandscapeRight";
				INFOPLIST_KEY_UISupportedInterfaceOrientations_iPhone = "UIInterfaceOrientationPortrait UIInterfaceOrientationLandscapeLeft UIInterfaceOrientationLandscapeRight";
				LD_RUNPATH_SEARCH_PATHS = (
					"$(inherited)",
					"@executable_path/Frameworks",
				);
				MARKETING_VERSION = 0.0.1;
				PRODUCT_BUNDLE_IDENTIFIER = "nl.symphonic-emotions.Environmental-Feedback";
				PRODUCT_NAME = "$(TARGET_NAME)";
				SWIFT_EMIT_LOC_STRINGS = YES;
				SWIFT_VERSION = 5.0;
				TARGETED_DEVICE_FAMILY = "1,2";
			};
			name = Debug;
		};
		7C205A5A2C5F626700646C10 /* Release */ = {
			isa = XCBuildConfiguration;
			buildSettings = {
				ASSETCATALOG_COMPILER_APPICON_NAME = AppIcon;
				ASSETCATALOG_COMPILER_GLOBAL_ACCENT_COLOR_NAME = AccentColor;
				CODE_SIGN_STYLE = Automatic;
				CURRENT_PROJECT_VERSION = 3;
				DEVELOPMENT_ASSET_PATHS = "\"Environmental Feedback/Preview Content\"";
				DEVELOPMENT_TEAM = JJM4XR9TZN;
				ENABLE_PREVIEWS = YES;
				GENERATE_INFOPLIST_FILE = YES;
				INFOPLIST_FILE = "Environmental-Feedback-Info.plist";
				INFOPLIST_KEY_CFBundleDisplayName = "";
				INFOPLIST_KEY_LSApplicationCategoryType = "public.app-category.lifestyle";
				INFOPLIST_KEY_NSCameraUsageDescription = "Control sound with your head";
				INFOPLIST_KEY_NSMicrophoneUsageDescription = "Microphone needed for capturing enviroment";
				INFOPLIST_KEY_UIApplicationSceneManifest_Generation = YES;
				INFOPLIST_KEY_UIApplicationSupportsIndirectInputEvents = YES;
				INFOPLIST_KEY_UILaunchScreen_Generation = YES;
				INFOPLIST_KEY_UISupportedInterfaceOrientations_iPad = "UIInterfaceOrientationPortrait UIInterfaceOrientationPortraitUpsideDown UIInterfaceOrientationLandscapeLeft UIInterfaceOrientationLandscapeRight";
				INFOPLIST_KEY_UISupportedInterfaceOrientations_iPhone = "UIInterfaceOrientationPortrait UIInterfaceOrientationLandscapeLeft UIInterfaceOrientationLandscapeRight";
				LD_RUNPATH_SEARCH_PATHS = (
					"$(inherited)",
					"@executable_path/Frameworks",
				);
				MARKETING_VERSION = 0.0.1;
				PRODUCT_BUNDLE_IDENTIFIER = "nl.symphonic-emotions.environmental-feedback";
				PRODUCT_NAME = "$(TARGET_NAME)";
				SWIFT_EMIT_LOC_STRINGS = YES;
				SWIFT_VERSION = 5.0;
				TARGETED_DEVICE_FAMILY = "1,2";
			};
			name = Release;
		};
/* End XCBuildConfiguration section */

/* Begin XCConfigurationList section */
		7C205A452C5F626500646C10 /* Build configuration list for PBXProject "Environmental Feedback" */ = {
			isa = XCConfigurationList;
			buildConfigurations = (
				7C205A562C5F626700646C10 /* Debug */,
				7C205A572C5F626700646C10 /* Release */,
			);
			defaultConfigurationIsVisible = 0;
			defaultConfigurationName = Release;
		};
		7C205A582C5F626700646C10 /* Build configuration list for PBXNativeTarget "Environmental Feedback" */ = {
			isa = XCConfigurationList;
			buildConfigurations = (
				7C205A592C5F626700646C10 /* Debug */,
				7C205A5A2C5F626700646C10 /* Release */,
			);
			defaultConfigurationIsVisible = 0;
			defaultConfigurationName = Release;
		};
/* End XCConfigurationList section */

/* Begin XCRemoteSwiftPackageReference section */
		7C205A5D2C5F653400646C10 /* XCRemoteSwiftPackageReference "AudioKit" */ = {
			isa = XCRemoteSwiftPackageReference;
			repositoryURL = "https://github.com/AudioKit/AudioKit.git";
			requirement = {
				kind = upToNextMajorVersion;
				minimumVersion = 5.6.4;
			};
		};
		7C4FEBBC2C64C382000E2865 /* XCRemoteSwiftPackageReference "AudioKitUI" */ = {
			isa = XCRemoteSwiftPackageReference;
			repositoryURL = "https://github.com/AudioKit/AudioKitUI.git";
			requirement = {
				kind = upToNextMajorVersion;
				minimumVersion = 0.3.7;
			};
		};
		7CD1CB742C68BA5500887861 /* XCRemoteSwiftPackageReference "AudioKitEX" */ = {
			isa = XCRemoteSwiftPackageReference;
			repositoryURL = "https://github.com/AudioKit/AudioKitEX.git";
			requirement = {
				kind = upToNextMajorVersion;
				minimumVersion = 5.6.0;
			};
		};
		7CD1CB862C70971D00887861 /* XCRemoteSwiftPackageReference "SoundpipeAudioKit" */ = {
			isa = XCRemoteSwiftPackageReference;
			repositoryURL = "https://github.com/AudioKit/SoundpipeAudioKit";
			requirement = {
				kind = upToNextMajorVersion;
				minimumVersion = 5.6.1;
			};
		};
/* End XCRemoteSwiftPackageReference section */

/* Begin XCSwiftPackageProductDependency section */
		7C205A5E2C5F653400646C10 /* AudioKit */ = {
			isa = XCSwiftPackageProductDependency;
			package = 7C205A5D2C5F653400646C10 /* XCRemoteSwiftPackageReference "AudioKit" */;
			productName = AudioKit;
		};
		7C4FEBBD2C64C382000E2865 /* AudioKitUI */ = {
			isa = XCSwiftPackageProductDependency;
			package = 7C4FEBBC2C64C382000E2865 /* XCRemoteSwiftPackageReference "AudioKitUI" */;
			productName = AudioKitUI;
		};
		7CD1CB752C68BA5500887861 /* AudioKitEX */ = {
			isa = XCSwiftPackageProductDependency;
			package = 7CD1CB742C68BA5500887861 /* XCRemoteSwiftPackageReference "AudioKitEX" */;
			productName = AudioKitEX;
		};
		7CD1CB872C70971D00887861 /* SoundpipeAudioKit */ = {
			isa = XCSwiftPackageProductDependency;
			package = 7CD1CB862C70971D00887861 /* XCRemoteSwiftPackageReference "SoundpipeAudioKit" */;
			productName = SoundpipeAudioKit;
		};
/* End XCSwiftPackageProductDependency section */
	};
	rootObject = 7C205A422C5F626500646C10 /* Project object */;
}
