// !$*UTF8*$!
{
	archiveVersion = 1;
	classes = {
	};
	objectVersion = 56;
	objects = {

/* Begin PBXBuildFile section */
		7C205A4E2C5F626500646C10 /* Environmental_FeedbackApp.swift in Sources */ = {isa = PBXBuildFile; fileRef = 7C205A4D2C5F626500646C10 /* Environmental_FeedbackApp.swift */; };
		7C205A502C5F626500646C10 /* ContentView.swift in Sources */ = {isa = PBXBuildFile; fileRef = 7C205A4F2C5F626500646C10 /* ContentView.swift */; };
		7C205A522C5F626700646C10 /* Assets.xcassets in Resources */ = {isa = PBXBuildFile; fileRef = 7C205A512C5F626700646C10 /* Assets.xcassets */; };
		7C205A552C5F626700646C10 /* Preview Assets.xcassets in Resources */ = {isa = PBXBuildFile; fileRef = 7C205A542C5F626700646C10 /* Preview Assets.xcassets */; };
		7C205A5F2C5F653400646C10 /* AudioKit in Frameworks */ = {isa = PBXBuildFile; productRef = 7C205A5E2C5F653400646C10 /* AudioKit */; };
		7C4FEBBE2C64C382000E2865 /* AudioKitUI in Frameworks */ = {isa = PBXBuildFile; productRef = 7C4FEBBD2C64C382000E2865 /* AudioKitUI */; };
		7C8B6A742C7B6B3400B14E3E /* DistanceView.swift in Sources */ = {isa = PBXBuildFile; fileRef = 7C8B6A732C7B6B3400B14E3E /* DistanceView.swift */; };
		7C8B6A792C7D1B2A00B14E3E /* NoseData.swift in Sources */ = {isa = PBXBuildFile; fileRef = 7C8B6A782C7D1B2A00B14E3E /* NoseData.swift */; };
		7C8B6A7B2C7D1BE300B14E3E /* CameraViewWrapper.swift in Sources */ = {isa = PBXBuildFile; fileRef = 7C8B6A7A2C7D1BE300B14E3E /* CameraViewWrapper.swift */; };
		7C8B6A7D2C7D1C0C00B14E3E /* DistanceViewCollection.swift in Sources */ = {isa = PBXBuildFile; fileRef = 7C8B6A7C2C7D1C0C00B14E3E /* DistanceViewCollection.swift */; };
		7C8B6A7F2C7D1C2600B14E3E /* FaceLandmarkTrailView.swift in Sources */ = {isa = PBXBuildFile; fileRef = 7C8B6A7E2C7D1C2600B14E3E /* FaceLandmarkTrailView.swift */; };
		7C8B6A832C7DA0C500B14E3E /* MeterView.swift in Sources */ = {isa = PBXBuildFile; fileRef = 7C8B6A822C7DA0C500B14E3E /* MeterView.swift */; };
		7C949D6E2C7A293000CB17BA /* EarTrackingView.swift in Sources */ = {isa = PBXBuildFile; fileRef = 7C949D6D2C7A293000CB17BA /* EarTrackingView.swift */; };
		7C949D712C7A297400CB17BA /* CameraViewController.swift in Sources */ = {isa = PBXBuildFile; fileRef = 7C949D702C7A297400CB17BA /* CameraViewController.swift */; };
		7C949D732C7A4B4700CB17BA /* CameraView.swift in Sources */ = {isa = PBXBuildFile; fileRef = 7C949D722C7A4B4700CB17BA /* CameraView.swift */; };
		7C949D762C7A4BF700CB17BA /* CameraPreview.swift in Sources */ = {isa = PBXBuildFile; fileRef = 7C949D752C7A4BF700CB17BA /* CameraPreview.swift */; };
		7C949D792C7A4C7A00CB17BA /* AppError.swift in Sources */ = {isa = PBXBuildFile; fileRef = 7C949D782C7A4C7A00CB17BA /* AppError.swift */; };
		7CD1CB702C688E0000887861 /* AudioManager.swift in Sources */ = {isa = PBXBuildFile; fileRef = 7CD1CB6F2C688E0000887861 /* AudioManager.swift */; };
		7CD1CB762C68BA5500887861 /* AudioKitEX in Frameworks */ = {isa = PBXBuildFile; productRef = 7CD1CB752C68BA5500887861 /* AudioKitEX */; };
		7CD1CB782C69016300887861 /* FFTView.swift in Sources */ = {isa = PBXBuildFile; fileRef = 7CD1CB772C69016300887861 /* FFTView.swift */; };
		7CD1CB7C2C6F4FF100887861 /* RecordLooperView.swift in Sources */ = {isa = PBXBuildFile; fileRef = 7CD1CB7B2C6F4FF100887861 /* RecordLooperView.swift */; };
		7CD1CB7E2C6F58A000887861 /* TransportView.swift in Sources */ = {isa = PBXBuildFile; fileRef = 7CD1CB7D2C6F58A000887861 /* TransportView.swift */; };
		7CD1CB802C6F598300887861 /* BufferView.swift in Sources */ = {isa = PBXBuildFile; fileRef = 7CD1CB7F2C6F598300887861 /* BufferView.swift */; };
		7CD1CB822C6FA04C00887861 /* MultiSliderView.swift in Sources */ = {isa = PBXBuildFile; fileRef = 7CD1CB812C6FA04C00887861 /* MultiSliderView.swift */; };
		7CD1CB882C70971D00887861 /* SoundpipeAudioKit in Frameworks */ = {isa = PBXBuildFile; productRef = 7CD1CB872C70971D00887861 /* SoundpipeAudioKit */; };
		7CF1AAA32C8117C2005AF481 /* Conductor.swift in Sources */ = {isa = PBXBuildFile; fileRef = 7CF1AAA22C8117C2005AF481 /* Conductor.swift */; };
		7CF1AAAF2C811A05005AF481 /* DamperTarget.swift in Sources */ = {isa = PBXBuildFile; fileRef = 7CF1AAA62C811A05005AF481 /* DamperTarget.swift */; };
		7CF1AAB02C811A05005AF481 /* Effect.swift in Sources */ = {isa = PBXBuildFile; fileRef = 7CF1AAA72C811A05005AF481 /* Effect.swift */; };
		7CF1AAB12C811A05005AF481 /* InstrumentsSet.swift in Sources */ = {isa = PBXBuildFile; fileRef = 7CF1AAA82C811A05005AF481 /* InstrumentsSet.swift */; };
		7CF1AAB22C811A05005AF481 /* MidiFiles.swift in Sources */ = {isa = PBXBuildFile; fileRef = 7CF1AAA92C811A05005AF481 /* MidiFiles.swift */; };
		7CF1AAB32C811A05005AF481 /* Part.swift in Sources */ = {isa = PBXBuildFile; fileRef = 7CF1AAAA2C811A05005AF481 /* Part.swift */; };
		7CF1AAB42C811A05005AF481 /* SetEffect.swift in Sources */ = {isa = PBXBuildFile; fileRef = 7CF1AAAB2C811A05005AF481 /* SetEffect.swift */; };
		7CF1AAB52C811A05005AF481 /* Track.swift in Sources */ = {isa = PBXBuildFile; fileRef = 7CF1AAAC2C811A05005AF481 /* Track.swift */; };
		7CF1AAB62C811A05005AF481 /* UserView.swift in Sources */ = {isa = PBXBuildFile; fileRef = 7CF1AAAD2C811A05005AF481 /* UserView.swift */; };
		7CF1AAB82C812300005AF481 /* midiSequencerBuffersAndSamplersWithNestedEffects.swift in Sources */ = {isa = PBXBuildFile; fileRef = 7CF1AAB72C812300005AF481 /* midiSequencerBuffersAndSamplersWithNestedEffects.swift */; };
		7CF1AABA2C812394005AF481 /* createAudioBufferSamplerChainEffects.swift in Sources */ = {isa = PBXBuildFile; fileRef = 7CF1AAB92C812394005AF481 /* createAudioBufferSamplerChainEffects.swift */; };
		7CF1AABC2C813027005AF481 /* midiNoteNumberFromFileName.swift in Sources */ = {isa = PBXBuildFile; fileRef = 7CF1AABB2C813027005AF481 /* midiNoteNumberFromFileName.swift */; };
		7CF1AABE2C813066005AF481 /* lengthInBeatsFromFileName.swift in Sources */ = {isa = PBXBuildFile; fileRef = 7CF1AABD2C813066005AF481 /* lengthInBeatsFromFileName.swift */; };
		7CF1AAC02C8130AC005AF481 /* AppUtils.swift in Sources */ = {isa = PBXBuildFile; fileRef = 7CF1AABF2C8130AC005AF481 /* AppUtils.swift */; };
		7CF1AAD22C813502005AF481 /* BandPassFilterEffect.swift in Sources */ = {isa = PBXBuildFile; fileRef = 7CF1AAC12C813502005AF481 /* BandPassFilterEffect.swift */; };
		7CF1AAD32C813502005AF481 /* CompressorEffect.swift in Sources */ = {isa = PBXBuildFile; fileRef = 7CF1AAC22C813502005AF481 /* CompressorEffect.swift */; };
		7CF1AAD42C813502005AF481 /* CostelloReverbEffect.swift in Sources */ = {isa = PBXBuildFile; fileRef = 7CF1AAC32C813502005AF481 /* CostelloReverbEffect.swift */; };
		7CF1AAD52C813502005AF481 /* DelayEffect.swift in Sources */ = {isa = PBXBuildFile; fileRef = 7CF1AAC42C813502005AF481 /* DelayEffect.swift */; };
		7CF1AAD62C813502005AF481 /* DistortionEffect.swift in Sources */ = {isa = PBXBuildFile; fileRef = 7CF1AAC52C813502005AF481 /* DistortionEffect.swift */; };
		7CF1AAD72C813502005AF481 /* DynamicRangeCompressorEffect.swift in Sources */ = {isa = PBXBuildFile; fileRef = 7CF1AAC62C813502005AF481 /* DynamicRangeCompressorEffect.swift */; };
		7CF1AAD82C813502005AF481 /* ExpanderEffect.swift in Sources */ = {isa = PBXBuildFile; fileRef = 7CF1AAC72C813502005AF481 /* ExpanderEffect.swift */; };
		7CF1AAD92C813502005AF481 /* HighPassFilterEffect.swift in Sources */ = {isa = PBXBuildFile; fileRef = 7CF1AAC82C813502005AF481 /* HighPassFilterEffect.swift */; };
		7CF1AADA2C813502005AF481 /* LowPassFilterEffect.swift in Sources */ = {isa = PBXBuildFile; fileRef = 7CF1AAC92C813502005AF481 /* LowPassFilterEffect.swift */; };
		7CF1AADB2C813502005AF481 /* MixerEffect.swift in Sources */ = {isa = PBXBuildFile; fileRef = 7CF1AACA2C813502005AF481 /* MixerEffect.swift */; };
		7CF1AADC2C813502005AF481 /* NoneEffect.swift in Sources */ = {isa = PBXBuildFile; fileRef = 7CF1AACB2C813502005AF481 /* NoneEffect.swift */; };
		7CF1AADD2C813502005AF481 /* PeakingParametricEqualizerFilterEffect.swift in Sources */ = {isa = PBXBuildFile; fileRef = 7CF1AACC2C813502005AF481 /* PeakingParametricEqualizerFilterEffect.swift */; };
		7CF1AADE2C813502005AF481 /* PhaserEffect.swift in Sources */ = {isa = PBXBuildFile; fileRef = 7CF1AACD2C813502005AF481 /* PhaserEffect.swift */; };
		7CF1AADF2C813502005AF481 /* ResponseReverbEffect.swift in Sources */ = {isa = PBXBuildFile; fileRef = 7CF1AACE2C813502005AF481 /* ResponseReverbEffect.swift */; };
		7CF1AAE02C813502005AF481 /* ReverbEffect.swift in Sources */ = {isa = PBXBuildFile; fileRef = 7CF1AACF2C813502005AF481 /* ReverbEffect.swift */; };
		7CF1AAE12C813502005AF481 /* TanhDistortionEffect.swift in Sources */ = {isa = PBXBuildFile; fileRef = 7CF1AAD02C813502005AF481 /* TanhDistortionEffect.swift */; };
		7CF1AAE42C81353D005AF481 /* SporthAudioKit in Frameworks */ = {isa = PBXBuildFile; productRef = 7CF1AAE32C81353D005AF481 /* SporthAudioKit */; };
		7CF1AAE62C81362B005AF481 /* ValueAndRange.swift in Sources */ = {isa = PBXBuildFile; fileRef = 7CF1AAE52C81362B005AF481 /* ValueAndRange.swift */; };
		7CF1AAE82C813654005AF481 /* RangeConverter.swift in Sources */ = {isa = PBXBuildFile; fileRef = 7CF1AAE72C813654005AF481 /* RangeConverter.swift */; };
		7CF1AAEA2C8223FA005AF481 /* CodableColor.swift in Sources */ = {isa = PBXBuildFile; fileRef = 7CF1AAE92C8223FA005AF481 /* CodableColor.swift */; };
		7CF1AAED2C82272A005AF481 /* Sets in Resources */ = {isa = PBXBuildFile; fileRef = 7CF1AAEC2C82272A005AF481 /* Sets */; };
/* End PBXBuildFile section */

/* Begin PBXFileReference section */
		7C205A4A2C5F626500646C10 /* Environmental Feedback.app */ = {isa = PBXFileReference; explicitFileType = wrapper.application; includeInIndex = 0; path = "Environmental Feedback.app"; sourceTree = BUILT_PRODUCTS_DIR; };
		7C205A4D2C5F626500646C10 /* Environmental_FeedbackApp.swift */ = {isa = PBXFileReference; lastKnownFileType = sourcecode.swift; path = Environmental_FeedbackApp.swift; sourceTree = "<group>"; };
		7C205A4F2C5F626500646C10 /* ContentView.swift */ = {isa = PBXFileReference; lastKnownFileType = sourcecode.swift; path = ContentView.swift; sourceTree = "<group>"; };
		7C205A512C5F626700646C10 /* Assets.xcassets */ = {isa = PBXFileReference; lastKnownFileType = folder.assetcatalog; path = Assets.xcassets; sourceTree = "<group>"; };
		7C205A542C5F626700646C10 /* Preview Assets.xcassets */ = {isa = PBXFileReference; lastKnownFileType = folder.assetcatalog; path = "Preview Assets.xcassets"; sourceTree = "<group>"; };
		7C8B6A732C7B6B3400B14E3E /* DistanceView.swift */ = {isa = PBXFileReference; lastKnownFileType = sourcecode.swift; path = DistanceView.swift; sourceTree = "<group>"; };
		7C8B6A782C7D1B2A00B14E3E /* NoseData.swift */ = {isa = PBXFileReference; lastKnownFileType = sourcecode.swift; path = NoseData.swift; sourceTree = "<group>"; };
		7C8B6A7A2C7D1BE300B14E3E /* CameraViewWrapper.swift */ = {isa = PBXFileReference; lastKnownFileType = sourcecode.swift; path = CameraViewWrapper.swift; sourceTree = "<group>"; };
		7C8B6A7C2C7D1C0C00B14E3E /* DistanceViewCollection.swift */ = {isa = PBXFileReference; lastKnownFileType = sourcecode.swift; path = DistanceViewCollection.swift; sourceTree = "<group>"; };
		7C8B6A7E2C7D1C2600B14E3E /* FaceLandmarkTrailView.swift */ = {isa = PBXFileReference; lastKnownFileType = sourcecode.swift; path = FaceLandmarkTrailView.swift; sourceTree = "<group>"; };
		7C8B6A822C7DA0C500B14E3E /* MeterView.swift */ = {isa = PBXFileReference; lastKnownFileType = sourcecode.swift; path = MeterView.swift; sourceTree = "<group>"; };
		7C949D6D2C7A293000CB17BA /* EarTrackingView.swift */ = {isa = PBXFileReference; lastKnownFileType = sourcecode.swift; path = EarTrackingView.swift; sourceTree = "<group>"; };
		7C949D702C7A297400CB17BA /* CameraViewController.swift */ = {isa = PBXFileReference; lastKnownFileType = sourcecode.swift; path = CameraViewController.swift; sourceTree = "<group>"; };
		7C949D722C7A4B4700CB17BA /* CameraView.swift */ = {isa = PBXFileReference; lastKnownFileType = sourcecode.swift; path = CameraView.swift; sourceTree = "<group>"; };
		7C949D752C7A4BF700CB17BA /* CameraPreview.swift */ = {isa = PBXFileReference; lastKnownFileType = sourcecode.swift; path = CameraPreview.swift; sourceTree = "<group>"; };
		7C949D782C7A4C7A00CB17BA /* AppError.swift */ = {isa = PBXFileReference; lastKnownFileType = sourcecode.swift; path = AppError.swift; sourceTree = "<group>"; };
		7CD1CB6F2C688E0000887861 /* AudioManager.swift */ = {isa = PBXFileReference; lastKnownFileType = sourcecode.swift; path = AudioManager.swift; sourceTree = "<group>"; };
		7CD1CB772C69016300887861 /* FFTView.swift */ = {isa = PBXFileReference; lastKnownFileType = sourcecode.swift; path = FFTView.swift; sourceTree = "<group>"; };
		7CD1CB7B2C6F4FF100887861 /* RecordLooperView.swift */ = {isa = PBXFileReference; lastKnownFileType = sourcecode.swift; path = RecordLooperView.swift; sourceTree = "<group>"; };
		7CD1CB7D2C6F58A000887861 /* TransportView.swift */ = {isa = PBXFileReference; lastKnownFileType = sourcecode.swift; path = TransportView.swift; sourceTree = "<group>"; };
		7CD1CB7F2C6F598300887861 /* BufferView.swift */ = {isa = PBXFileReference; lastKnownFileType = sourcecode.swift; path = BufferView.swift; sourceTree = "<group>"; };
		7CD1CB812C6FA04C00887861 /* MultiSliderView.swift */ = {isa = PBXFileReference; lastKnownFileType = sourcecode.swift; path = MultiSliderView.swift; sourceTree = "<group>"; };
		7CD1CB892C71FC2900887861 /* Environmental-Feedback-Info.plist */ = {isa = PBXFileReference; lastKnownFileType = text.plist; path = "Environmental-Feedback-Info.plist"; sourceTree = SOURCE_ROOT; };
		7CF1AAA22C8117C2005AF481 /* Conductor.swift */ = {isa = PBXFileReference; lastKnownFileType = sourcecode.swift; path = Conductor.swift; sourceTree = "<group>"; };
		7CF1AAA62C811A05005AF481 /* DamperTarget.swift */ = {isa = PBXFileReference; fileEncoding = 4; lastKnownFileType = sourcecode.swift; path = DamperTarget.swift; sourceTree = "<group>"; };
		7CF1AAA72C811A05005AF481 /* Effect.swift */ = {isa = PBXFileReference; fileEncoding = 4; lastKnownFileType = sourcecode.swift; path = Effect.swift; sourceTree = "<group>"; };
		7CF1AAA82C811A05005AF481 /* InstrumentsSet.swift */ = {isa = PBXFileReference; fileEncoding = 4; lastKnownFileType = sourcecode.swift; path = InstrumentsSet.swift; sourceTree = "<group>"; };
		7CF1AAA92C811A05005AF481 /* MidiFiles.swift */ = {isa = PBXFileReference; fileEncoding = 4; lastKnownFileType = sourcecode.swift; path = MidiFiles.swift; sourceTree = "<group>"; };
		7CF1AAAA2C811A05005AF481 /* Part.swift */ = {isa = PBXFileReference; fileEncoding = 4; lastKnownFileType = sourcecode.swift; path = Part.swift; sourceTree = "<group>"; };
		7CF1AAAB2C811A05005AF481 /* SetEffect.swift */ = {isa = PBXFileReference; fileEncoding = 4; lastKnownFileType = sourcecode.swift; path = SetEffect.swift; sourceTree = "<group>"; };
		7CF1AAAC2C811A05005AF481 /* Track.swift */ = {isa = PBXFileReference; fileEncoding = 4; lastKnownFileType = sourcecode.swift; path = Track.swift; sourceTree = "<group>"; };
		7CF1AAAD2C811A05005AF481 /* UserView.swift */ = {isa = PBXFileReference; fileEncoding = 4; lastKnownFileType = sourcecode.swift; path = UserView.swift; sourceTree = "<group>"; };
		7CF1AAB72C812300005AF481 /* midiSequencerBuffersAndSamplersWithNestedEffects.swift */ = {isa = PBXFileReference; lastKnownFileType = sourcecode.swift; path = midiSequencerBuffersAndSamplersWithNestedEffects.swift; sourceTree = "<group>"; };
		7CF1AAB92C812394005AF481 /* createAudioBufferSamplerChainEffects.swift */ = {isa = PBXFileReference; lastKnownFileType = sourcecode.swift; path = createAudioBufferSamplerChainEffects.swift; sourceTree = "<group>"; };
		7CF1AABB2C813027005AF481 /* midiNoteNumberFromFileName.swift */ = {isa = PBXFileReference; lastKnownFileType = sourcecode.swift; path = midiNoteNumberFromFileName.swift; sourceTree = "<group>"; };
		7CF1AABD2C813066005AF481 /* lengthInBeatsFromFileName.swift */ = {isa = PBXFileReference; lastKnownFileType = sourcecode.swift; path = lengthInBeatsFromFileName.swift; sourceTree = "<group>"; };
		7CF1AABF2C8130AC005AF481 /* AppUtils.swift */ = {isa = PBXFileReference; lastKnownFileType = sourcecode.swift; path = AppUtils.swift; sourceTree = "<group>"; };
		7CF1AAC12C813502005AF481 /* BandPassFilterEffect.swift */ = {isa = PBXFileReference; fileEncoding = 4; lastKnownFileType = sourcecode.swift; path = BandPassFilterEffect.swift; sourceTree = "<group>"; };
		7CF1AAC22C813502005AF481 /* CompressorEffect.swift */ = {isa = PBXFileReference; fileEncoding = 4; lastKnownFileType = sourcecode.swift; path = CompressorEffect.swift; sourceTree = "<group>"; };
		7CF1AAC32C813502005AF481 /* CostelloReverbEffect.swift */ = {isa = PBXFileReference; fileEncoding = 4; lastKnownFileType = sourcecode.swift; path = CostelloReverbEffect.swift; sourceTree = "<group>"; };
		7CF1AAC42C813502005AF481 /* DelayEffect.swift */ = {isa = PBXFileReference; fileEncoding = 4; lastKnownFileType = sourcecode.swift; path = DelayEffect.swift; sourceTree = "<group>"; };
		7CF1AAC52C813502005AF481 /* DistortionEffect.swift */ = {isa = PBXFileReference; fileEncoding = 4; lastKnownFileType = sourcecode.swift; path = DistortionEffect.swift; sourceTree = "<group>"; };
		7CF1AAC62C813502005AF481 /* DynamicRangeCompressorEffect.swift */ = {isa = PBXFileReference; fileEncoding = 4; lastKnownFileType = sourcecode.swift; path = DynamicRangeCompressorEffect.swift; sourceTree = "<group>"; };
		7CF1AAC72C813502005AF481 /* ExpanderEffect.swift */ = {isa = PBXFileReference; fileEncoding = 4; lastKnownFileType = sourcecode.swift; path = ExpanderEffect.swift; sourceTree = "<group>"; };
		7CF1AAC82C813502005AF481 /* HighPassFilterEffect.swift */ = {isa = PBXFileReference; fileEncoding = 4; lastKnownFileType = sourcecode.swift; path = HighPassFilterEffect.swift; sourceTree = "<group>"; };
		7CF1AAC92C813502005AF481 /* LowPassFilterEffect.swift */ = {isa = PBXFileReference; fileEncoding = 4; lastKnownFileType = sourcecode.swift; path = LowPassFilterEffect.swift; sourceTree = "<group>"; };
		7CF1AACA2C813502005AF481 /* MixerEffect.swift */ = {isa = PBXFileReference; fileEncoding = 4; lastKnownFileType = sourcecode.swift; path = MixerEffect.swift; sourceTree = "<group>"; };
		7CF1AACB2C813502005AF481 /* NoneEffect.swift */ = {isa = PBXFileReference; fileEncoding = 4; lastKnownFileType = sourcecode.swift; path = NoneEffect.swift; sourceTree = "<group>"; };
		7CF1AACC2C813502005AF481 /* PeakingParametricEqualizerFilterEffect.swift */ = {isa = PBXFileReference; fileEncoding = 4; lastKnownFileType = sourcecode.swift; path = PeakingParametricEqualizerFilterEffect.swift; sourceTree = "<group>"; };
		7CF1AACD2C813502005AF481 /* PhaserEffect.swift */ = {isa = PBXFileReference; fileEncoding = 4; lastKnownFileType = sourcecode.swift; path = PhaserEffect.swift; sourceTree = "<group>"; };
		7CF1AACE2C813502005AF481 /* ResponseReverbEffect.swift */ = {isa = PBXFileReference; fileEncoding = 4; lastKnownFileType = sourcecode.swift; path = ResponseReverbEffect.swift; sourceTree = "<group>"; };
		7CF1AACF2C813502005AF481 /* ReverbEffect.swift */ = {isa = PBXFileReference; fileEncoding = 4; lastKnownFileType = sourcecode.swift; path = ReverbEffect.swift; sourceTree = "<group>"; };
		7CF1AAD02C813502005AF481 /* TanhDistortionEffect.swift */ = {isa = PBXFileReference; fileEncoding = 4; lastKnownFileType = sourcecode.swift; path = TanhDistortionEffect.swift; sourceTree = "<group>"; };
		7CF1AAE52C81362B005AF481 /* ValueAndRange.swift */ = {isa = PBXFileReference; lastKnownFileType = sourcecode.swift; path = ValueAndRange.swift; sourceTree = "<group>"; };
		7CF1AAE72C813654005AF481 /* RangeConverter.swift */ = {isa = PBXFileReference; lastKnownFileType = sourcecode.swift; path = RangeConverter.swift; sourceTree = "<group>"; };
		7CF1AAE92C8223FA005AF481 /* CodableColor.swift */ = {isa = PBXFileReference; lastKnownFileType = sourcecode.swift; path = CodableColor.swift; sourceTree = "<group>"; };
		7CF1AAEC2C82272A005AF481 /* Sets */ = {isa = PBXFileReference; lastKnownFileType = folder; path = Sets; sourceTree = "<group>"; };
/* End PBXFileReference section */

/* Begin PBXFrameworksBuildPhase section */
		7C205A472C5F626500646C10 /* Frameworks */ = {
			isa = PBXFrameworksBuildPhase;
			buildActionMask = 2147483647;
			files = (
				7CF1AAE42C81353D005AF481 /* SporthAudioKit in Frameworks */,
				7CD1CB762C68BA5500887861 /* AudioKitEX in Frameworks */,
				7C4FEBBE2C64C382000E2865 /* AudioKitUI in Frameworks */,
				7CD1CB882C70971D00887861 /* SoundpipeAudioKit in Frameworks */,
				7C205A5F2C5F653400646C10 /* AudioKit in Frameworks */,
			);
			runOnlyForDeploymentPostprocessing = 0;
		};
/* End PBXFrameworksBuildPhase section */

/* Begin PBXGroup section */
		7C205A412C5F626500646C10 = {
			isa = PBXGroup;
			children = (
				7C205A4C2C5F626500646C10 /* Environmental Feedback */,
				7C205A4B2C5F626500646C10 /* Products */,
			);
			sourceTree = "<group>";
		};
		7C205A4B2C5F626500646C10 /* Products */ = {
			isa = PBXGroup;
			children = (
				7C205A4A2C5F626500646C10 /* Environmental Feedback.app */,
			);
			name = Products;
			sourceTree = "<group>";
		};
		7C205A4C2C5F626500646C10 /* Environmental Feedback */ = {
			isa = PBXGroup;
			children = (
				7CF1AAEC2C82272A005AF481 /* Sets */,
				7C205A602C5F668400646C10 /* AudioProcessing */,
				7CF1AAA12C81179E005AF481 /* Conductor */,
				7CF1AAAE2C811A05005AF481 /* InstrumentSet */,
				7CD1CB712C6896B500887861 /* Views */,
				7C949D742C7A4B5500CB17BA /* CameraView */,
				7C8B6A772C7D1B0D00B14E3E /* Vision */,
				7C949D772C7A4C6400CB17BA /* Supporting Files */,
				7CD1CB892C71FC2900887861 /* Environmental-Feedback-Info.plist */,
				7C205A4D2C5F626500646C10 /* Environmental_FeedbackApp.swift */,
				7C205A512C5F626700646C10 /* Assets.xcassets */,
				7C205A532C5F626700646C10 /* Preview Content */,
			);
			path = "Environmental Feedback";
			sourceTree = "<group>";
		};
		7C205A532C5F626700646C10 /* Preview Content */ = {
			isa = PBXGroup;
			children = (
				7C205A542C5F626700646C10 /* Preview Assets.xcassets */,
			);
			path = "Preview Content";
			sourceTree = "<group>";
		};
		7C205A602C5F668400646C10 /* AudioProcessing */ = {
			isa = PBXGroup;
			children = (
				7CD1CB6F2C688E0000887861 /* AudioManager.swift */,
			);
			path = AudioProcessing;
			sourceTree = "<group>";
		};
		7C8B6A772C7D1B0D00B14E3E /* Vision */ = {
			isa = PBXGroup;
			children = (
				7C8B6A782C7D1B2A00B14E3E /* NoseData.swift */,
			);
			path = Vision;
			sourceTree = "<group>";
		};
		7C949D742C7A4B5500CB17BA /* CameraView */ = {
			isa = PBXGroup;
			children = (
				7C8B6A7A2C7D1BE300B14E3E /* CameraViewWrapper.swift */,
				7C949D722C7A4B4700CB17BA /* CameraView.swift */,
				7C949D702C7A297400CB17BA /* CameraViewController.swift */,
				7C949D752C7A4BF700CB17BA /* CameraPreview.swift */,
			);
			path = CameraView;
			sourceTree = "<group>";
		};
		7C949D772C7A4C6400CB17BA /* Supporting Files */ = {
			isa = PBXGroup;
			children = (
				7C949D782C7A4C7A00CB17BA /* AppError.swift */,
				7CF1AABF2C8130AC005AF481 /* AppUtils.swift */,
				7CF1AAE52C81362B005AF481 /* ValueAndRange.swift */,
				7CF1AAE72C813654005AF481 /* RangeConverter.swift */,
				7CF1AAE92C8223FA005AF481 /* CodableColor.swift */,
			);
			path = "Supporting Files";
			sourceTree = "<group>";
		};
		7CD1CB712C6896B500887861 /* Views */ = {
			isa = PBXGroup;
			children = (
				7C205A4F2C5F626500646C10 /* ContentView.swift */,
				7CD1CB772C69016300887861 /* FFTView.swift */,
				7CD1CB7B2C6F4FF100887861 /* RecordLooperView.swift */,
				7CD1CB7D2C6F58A000887861 /* TransportView.swift */,
				7CD1CB7F2C6F598300887861 /* BufferView.swift */,
				7CD1CB812C6FA04C00887861 /* MultiSliderView.swift */,
				7C949D6D2C7A293000CB17BA /* EarTrackingView.swift */,
				7C8B6A7C2C7D1C0C00B14E3E /* DistanceViewCollection.swift */,
				7C8B6A732C7B6B3400B14E3E /* DistanceView.swift */,
				7C8B6A7E2C7D1C2600B14E3E /* FaceLandmarkTrailView.swift */,
				7C8B6A822C7DA0C500B14E3E /* MeterView.swift */,
			);
			path = Views;
			sourceTree = "<group>";
		};
		7CF1AAA12C81179E005AF481 /* Conductor */ = {
			isa = PBXGroup;
			children = (
				7CF1AAA22C8117C2005AF481 /* Conductor.swift */,
				7CF1AAB72C812300005AF481 /* midiSequencerBuffersAndSamplersWithNestedEffects.swift */,
				7CF1AAB92C812394005AF481 /* createAudioBufferSamplerChainEffects.swift */,
				7CF1AABB2C813027005AF481 /* midiNoteNumberFromFileName.swift */,
				7CF1AABD2C813066005AF481 /* lengthInBeatsFromFileName.swift */,
				7CF1AAD12C813502005AF481 /* Effects */,
			);
			path = Conductor;
			sourceTree = "<group>";
		};
		7CF1AAAE2C811A05005AF481 /* InstrumentSet */ = {
			isa = PBXGroup;
			children = (
				7CF1AAA82C811A05005AF481 /* InstrumentsSet.swift */,
				7CF1AAA62C811A05005AF481 /* DamperTarget.swift */,
				7CF1AAA72C811A05005AF481 /* Effect.swift */,
				7CF1AAA92C811A05005AF481 /* MidiFiles.swift */,
				7CF1AAAA2C811A05005AF481 /* Part.swift */,
				7CF1AAAB2C811A05005AF481 /* SetEffect.swift */,
				7CF1AAAC2C811A05005AF481 /* Track.swift */,
				7CF1AAAD2C811A05005AF481 /* UserView.swift */,
			);
			path = InstrumentSet;
			sourceTree = "<group>";
		};
		7CF1AAD12C813502005AF481 /* Effects */ = {
			isa = PBXGroup;
			children = (
				7CF1AAC12C813502005AF481 /* BandPassFilterEffect.swift */,
				7CF1AAC22C813502005AF481 /* CompressorEffect.swift */,
				7CF1AAC32C813502005AF481 /* CostelloReverbEffect.swift */,
				7CF1AAC42C813502005AF481 /* DelayEffect.swift */,
				7CF1AAC52C813502005AF481 /* DistortionEffect.swift */,
				7CF1AAC62C813502005AF481 /* DynamicRangeCompressorEffect.swift */,
				7CF1AAC72C813502005AF481 /* ExpanderEffect.swift */,
				7CF1AAC82C813502005AF481 /* HighPassFilterEffect.swift */,
				7CF1AAC92C813502005AF481 /* LowPassFilterEffect.swift */,
				7CF1AACA2C813502005AF481 /* MixerEffect.swift */,
				7CF1AACB2C813502005AF481 /* NoneEffect.swift */,
				7CF1AACC2C813502005AF481 /* PeakingParametricEqualizerFilterEffect.swift */,
				7CF1AACD2C813502005AF481 /* PhaserEffect.swift */,
				7CF1AACE2C813502005AF481 /* ResponseReverbEffect.swift */,
				7CF1AACF2C813502005AF481 /* ReverbEffect.swift */,
				7CF1AAD02C813502005AF481 /* TanhDistortionEffect.swift */,
			);
			path = Effects;
			sourceTree = "<group>";
		};
/* End PBXGroup section */

/* Begin PBXNativeTarget section */
		7C205A492C5F626500646C10 /* Environmental Feedback */ = {
			isa = PBXNativeTarget;
			buildConfigurationList = 7C205A582C5F626700646C10 /* Build configuration list for PBXNativeTarget "Environmental Feedback" */;
			buildPhases = (
				7C205A462C5F626500646C10 /* Sources */,
				7C205A472C5F626500646C10 /* Frameworks */,
				7C205A482C5F626500646C10 /* Resources */,
			);
			buildRules = (
			);
			dependencies = (
			);
			name = "Environmental Feedback";
			packageProductDependencies = (
				7C205A5E2C5F653400646C10 /* AudioKit */,
				7C4FEBBD2C64C382000E2865 /* AudioKitUI */,
				7CD1CB752C68BA5500887861 /* AudioKitEX */,
				7CD1CB872C70971D00887861 /* SoundpipeAudioKit */,
				7CF1AAE32C81353D005AF481 /* SporthAudioKit */,
			);
			productName = "Environmental Feedback";
			productReference = 7C205A4A2C5F626500646C10 /* Environmental Feedback.app */;
			productType = "com.apple.product-type.application";
		};
/* End PBXNativeTarget section */

/* Begin PBXProject section */
		7C205A422C5F626500646C10 /* Project object */ = {
			isa = PBXProject;
			attributes = {
				BuildIndependentTargetsInParallel = 1;
				LastSwiftUpdateCheck = 1500;
				LastUpgradeCheck = 1500;
				TargetAttributes = {
					7C205A492C5F626500646C10 = {
						CreatedOnToolsVersion = 15.0;
					};
				};
			};
			buildConfigurationList = 7C205A452C5F626500646C10 /* Build configuration list for PBXProject "Environmental Feedback" */;
			compatibilityVersion = "Xcode 14.0";
			developmentRegion = en;
			hasScannedForEncodings = 0;
			knownRegions = (
				en,
				Base,
			);
			mainGroup = 7C205A412C5F626500646C10;
			packageReferences = (
				7C205A5D2C5F653400646C10 /* XCRemoteSwiftPackageReference "AudioKit" */,
				7C4FEBBC2C64C382000E2865 /* XCRemoteSwiftPackageReference "AudioKitUI" */,
				7CD1CB742C68BA5500887861 /* XCRemoteSwiftPackageReference "AudioKitEX" */,
				7CD1CB862C70971D00887861 /* XCRemoteSwiftPackageReference "SoundpipeAudioKit" */,
				7CF1AAE22C81353D005AF481 /* XCRemoteSwiftPackageReference "SporthAudioKit" */,
			);
			productRefGroup = 7C205A4B2C5F626500646C10 /* Products */;
			projectDirPath = "";
			projectRoot = "";
			targets = (
				7C205A492C5F626500646C10 /* Environmental Feedback */,
			);
		};
/* End PBXProject section */

/* Begin PBXResourcesBuildPhase section */
		7C205A482C5F626500646C10 /* Resources */ = {
			isa = PBXResourcesBuildPhase;
			buildActionMask = 2147483647;
			files = (
				7C205A552C5F626700646C10 /* Preview Assets.xcassets in Resources */,
				7CF1AAED2C82272A005AF481 /* Sets in Resources */,
				7C205A522C5F626700646C10 /* Assets.xcassets in Resources */,
			);
			runOnlyForDeploymentPostprocessing = 0;
		};
/* End PBXResourcesBuildPhase section */

/* Begin PBXSourcesBuildPhase section */
		7C205A462C5F626500646C10 /* Sources */ = {
			isa = PBXSourcesBuildPhase;
			buildActionMask = 2147483647;
			files = (
				7CF1AAE02C813502005AF481 /* ReverbEffect.swift in Sources */,
				7CD1CB7C2C6F4FF100887861 /* RecordLooperView.swift in Sources */,
				7C949D712C7A297400CB17BA /* CameraViewController.swift in Sources */,
				7C8B6A832C7DA0C500B14E3E /* MeterView.swift in Sources */,
				7CD1CB822C6FA04C00887861 /* MultiSliderView.swift in Sources */,
				7CF1AAAF2C811A05005AF481 /* DamperTarget.swift in Sources */,
				7CF1AADB2C813502005AF481 /* MixerEffect.swift in Sources */,
				7CF1AAD42C813502005AF481 /* CostelloReverbEffect.swift in Sources */,
				7CF1AAD52C813502005AF481 /* DelayEffect.swift in Sources */,
				7CF1AADF2C813502005AF481 /* ResponseReverbEffect.swift in Sources */,
				7CF1AAB42C811A05005AF481 /* SetEffect.swift in Sources */,
				7CF1AADA2C813502005AF481 /* LowPassFilterEffect.swift in Sources */,
				7CF1AABA2C812394005AF481 /* createAudioBufferSamplerChainEffects.swift in Sources */,
				7CF1AAE62C81362B005AF481 /* ValueAndRange.swift in Sources */,
				7CF1AAEA2C8223FA005AF481 /* CodableColor.swift in Sources */,
				7CF1AAB82C812300005AF481 /* midiSequencerBuffersAndSamplersWithNestedEffects.swift in Sources */,
				7CD1CB802C6F598300887861 /* BufferView.swift in Sources */,
				7CF1AAD92C813502005AF481 /* HighPassFilterEffect.swift in Sources */,
				7CF1AAE82C813654005AF481 /* RangeConverter.swift in Sources */,
				7C8B6A792C7D1B2A00B14E3E /* NoseData.swift in Sources */,
				7CF1AAE12C813502005AF481 /* TanhDistortionEffect.swift in Sources */,
				7CF1AAD22C813502005AF481 /* BandPassFilterEffect.swift in Sources */,
				7C949D792C7A4C7A00CB17BA /* AppError.swift in Sources */,
				7CF1AAA32C8117C2005AF481 /* Conductor.swift in Sources */,
				7CF1AAC02C8130AC005AF481 /* AppUtils.swift in Sources */,
				7CF1AADE2C813502005AF481 /* PhaserEffect.swift in Sources */,
				7C205A502C5F626500646C10 /* ContentView.swift in Sources */,
				7CF1AAB02C811A05005AF481 /* Effect.swift in Sources */,
				7C8B6A7B2C7D1BE300B14E3E /* CameraViewWrapper.swift in Sources */,
				7C205A4E2C5F626500646C10 /* Environmental_FeedbackApp.swift in Sources */,
				7CF1AAB52C811A05005AF481 /* Track.swift in Sources */,
				7CF1AAD62C813502005AF481 /* DistortionEffect.swift in Sources */,
				7CD1CB702C688E0000887861 /* AudioManager.swift in Sources */,
				7C949D732C7A4B4700CB17BA /* CameraView.swift in Sources */,
				7C8B6A742C7B6B3400B14E3E /* DistanceView.swift in Sources */,
				7CF1AADC2C813502005AF481 /* NoneEffect.swift in Sources */,
				7CF1AAB22C811A05005AF481 /* MidiFiles.swift in Sources */,
				7CF1AAD72C813502005AF481 /* DynamicRangeCompressorEffect.swift in Sources */,
				7CF1AAD82C813502005AF481 /* ExpanderEffect.swift in Sources */,
				7CF1AABC2C813027005AF481 /* midiNoteNumberFromFileName.swift in Sources */,
				7CD1CB7E2C6F58A000887861 /* TransportView.swift in Sources */,
				7CF1AABE2C813066005AF481 /* lengthInBeatsFromFileName.swift in Sources */,
				7C949D762C7A4BF700CB17BA /* CameraPreview.swift in Sources */,
				7C8B6A7F2C7D1C2600B14E3E /* FaceLandmarkTrailView.swift in Sources */,
				7CF1AADD2C813502005AF481 /* PeakingParametricEqualizerFilterEffect.swift in Sources */,
				7CF1AAB12C811A05005AF481 /* InstrumentsSet.swift in Sources */,
				7C949D6E2C7A293000CB17BA /* EarTrackingView.swift in Sources */,
				7C8B6A7D2C7D1C0C00B14E3E /* DistanceViewCollection.swift in Sources */,
				7CF1AAD32C813502005AF481 /* CompressorEffect.swift in Sources */,
				7CF1AAB32C811A05005AF481 /* Part.swift in Sources */,
				7CD1CB782C69016300887861 /* FFTView.swift in Sources */,
				7CF1AAB62C811A05005AF481 /* UserView.swift in Sources */,
			);
			runOnlyForDeploymentPostprocessing = 0;
		};
/* End PBXSourcesBuildPhase section */

/* Begin XCBuildConfiguration section */
		7C205A562C5F626700646C10 /* Debug */ = {
			isa = XCBuildConfiguration;
			buildSettings = {
				ALWAYS_SEARCH_USER_PATHS = NO;
				ASSETCATALOG_COMPILER_GENERATE_SWIFT_ASSET_SYMBOL_EXTENSIONS = YES;
				CLANG_ANALYZER_NONNULL = YES;
				CLANG_ANALYZER_NUMBER_OBJECT_CONVERSION = YES_AGGRESSIVE;
				CLANG_CXX_LANGUAGE_STANDARD = "gnu++20";
				CLANG_ENABLE_MODULES = YES;
				CLANG_ENABLE_OBJC_ARC = YES;
				CLANG_ENABLE_OBJC_WEAK = YES;
				CLANG_WARN_BLOCK_CAPTURE_AUTORELEASING = YES;
				CLANG_WARN_BOOL_CONVERSION = YES;
				CLANG_WARN_COMMA = YES;
				CLANG_WARN_CONSTANT_CONVERSION = YES;
				CLANG_WARN_DEPRECATED_OBJC_IMPLEMENTATIONS = YES;
				CLANG_WARN_DIRECT_OBJC_ISA_USAGE = YES_ERROR;
				CLANG_WARN_DOCUMENTATION_COMMENTS = YES;
				CLANG_WARN_EMPTY_BODY = YES;
				CLANG_WARN_ENUM_CONVERSION = YES;
				CLANG_WARN_INFINITE_RECURSION = YES;
				CLANG_WARN_INT_CONVERSION = YES;
				CLANG_WARN_NON_LITERAL_NULL_CONVERSION = YES;
				CLANG_WARN_OBJC_IMPLICIT_RETAIN_SELF = YES;
				CLANG_WARN_OBJC_LITERAL_CONVERSION = YES;
				CLANG_WARN_OBJC_ROOT_CLASS = YES_ERROR;
				CLANG_WARN_QUOTED_INCLUDE_IN_FRAMEWORK_HEADER = YES;
				CLANG_WARN_RANGE_LOOP_ANALYSIS = YES;
				CLANG_WARN_STRICT_PROTOTYPES = YES;
				CLANG_WARN_SUSPICIOUS_MOVE = YES;
				CLANG_WARN_UNGUARDED_AVAILABILITY = YES_AGGRESSIVE;
				CLANG_WARN_UNREACHABLE_CODE = YES;
				CLANG_WARN__DUPLICATE_METHOD_MATCH = YES;
				COPY_PHASE_STRIP = NO;
				DEBUG_INFORMATION_FORMAT = dwarf;
				ENABLE_STRICT_OBJC_MSGSEND = YES;
				ENABLE_TESTABILITY = YES;
				ENABLE_USER_SCRIPT_SANDBOXING = YES;
				GCC_C_LANGUAGE_STANDARD = gnu17;
				GCC_DYNAMIC_NO_PIC = NO;
				GCC_NO_COMMON_BLOCKS = YES;
				GCC_OPTIMIZATION_LEVEL = 0;
				GCC_PREPROCESSOR_DEFINITIONS = (
					"DEBUG=1",
					"$(inherited)",
				);
				GCC_WARN_64_TO_32_BIT_CONVERSION = YES;
				GCC_WARN_ABOUT_RETURN_TYPE = YES_ERROR;
				GCC_WARN_UNDECLARED_SELECTOR = YES;
				GCC_WARN_UNINITIALIZED_AUTOS = YES_AGGRESSIVE;
				GCC_WARN_UNUSED_FUNCTION = YES;
				GCC_WARN_UNUSED_VARIABLE = YES;
				IPHONEOS_DEPLOYMENT_TARGET = 17.0;
				LOCALIZATION_PREFERS_STRING_CATALOGS = YES;
				MTL_ENABLE_DEBUG_INFO = INCLUDE_SOURCE;
				MTL_FAST_MATH = YES;
				ONLY_ACTIVE_ARCH = YES;
				SDKROOT = iphoneos;
				SWIFT_ACTIVE_COMPILATION_CONDITIONS = "DEBUG $(inherited)";
				SWIFT_OPTIMIZATION_LEVEL = "-Onone";
			};
			name = Debug;
		};
		7C205A572C5F626700646C10 /* Release */ = {
			isa = XCBuildConfiguration;
			buildSettings = {
				ALWAYS_SEARCH_USER_PATHS = NO;
				ASSETCATALOG_COMPILER_GENERATE_SWIFT_ASSET_SYMBOL_EXTENSIONS = YES;
				CLANG_ANALYZER_NONNULL = YES;
				CLANG_ANALYZER_NUMBER_OBJECT_CONVERSION = YES_AGGRESSIVE;
				CLANG_CXX_LANGUAGE_STANDARD = "gnu++20";
				CLANG_ENABLE_MODULES = YES;
				CLANG_ENABLE_OBJC_ARC = YES;
				CLANG_ENABLE_OBJC_WEAK = YES;
				CLANG_WARN_BLOCK_CAPTURE_AUTORELEASING = YES;
				CLANG_WARN_BOOL_CONVERSION = YES;
				CLANG_WARN_COMMA = YES;
				CLANG_WARN_CONSTANT_CONVERSION = YES;
				CLANG_WARN_DEPRECATED_OBJC_IMPLEMENTATIONS = YES;
				CLANG_WARN_DIRECT_OBJC_ISA_USAGE = YES_ERROR;
				CLANG_WARN_DOCUMENTATION_COMMENTS = YES;
				CLANG_WARN_EMPTY_BODY = YES;
				CLANG_WARN_ENUM_CONVERSION = YES;
				CLANG_WARN_INFINITE_RECURSION = YES;
				CLANG_WARN_INT_CONVERSION = YES;
				CLANG_WARN_NON_LITERAL_NULL_CONVERSION = YES;
				CLANG_WARN_OBJC_IMPLICIT_RETAIN_SELF = YES;
				CLANG_WARN_OBJC_LITERAL_CONVERSION = YES;
				CLANG_WARN_OBJC_ROOT_CLASS = YES_ERROR;
				CLANG_WARN_QUOTED_INCLUDE_IN_FRAMEWORK_HEADER = YES;
				CLANG_WARN_RANGE_LOOP_ANALYSIS = YES;
				CLANG_WARN_STRICT_PROTOTYPES = YES;
				CLANG_WARN_SUSPICIOUS_MOVE = YES;
				CLANG_WARN_UNGUARDED_AVAILABILITY = YES_AGGRESSIVE;
				CLANG_WARN_UNREACHABLE_CODE = YES;
				CLANG_WARN__DUPLICATE_METHOD_MATCH = YES;
				COPY_PHASE_STRIP = NO;
				DEBUG_INFORMATION_FORMAT = "dwarf-with-dsym";
				ENABLE_NS_ASSERTIONS = NO;
				ENABLE_STRICT_OBJC_MSGSEND = YES;
				ENABLE_USER_SCRIPT_SANDBOXING = YES;
				GCC_C_LANGUAGE_STANDARD = gnu17;
				GCC_NO_COMMON_BLOCKS = YES;
				GCC_WARN_64_TO_32_BIT_CONVERSION = YES;
				GCC_WARN_ABOUT_RETURN_TYPE = YES_ERROR;
				GCC_WARN_UNDECLARED_SELECTOR = YES;
				GCC_WARN_UNINITIALIZED_AUTOS = YES_AGGRESSIVE;
				GCC_WARN_UNUSED_FUNCTION = YES;
				GCC_WARN_UNUSED_VARIABLE = YES;
				IPHONEOS_DEPLOYMENT_TARGET = 17.0;
				LOCALIZATION_PREFERS_STRING_CATALOGS = YES;
				MTL_ENABLE_DEBUG_INFO = NO;
				MTL_FAST_MATH = YES;
				SDKROOT = iphoneos;
				SWIFT_COMPILATION_MODE = wholemodule;
				VALIDATE_PRODUCT = YES;
			};
			name = Release;
		};
		7C205A592C5F626700646C10 /* Debug */ = {
			isa = XCBuildConfiguration;
			buildSettings = {
				ASSETCATALOG_COMPILER_APPICON_NAME = AppIcon;
				ASSETCATALOG_COMPILER_GLOBAL_ACCENT_COLOR_NAME = AccentColor;
				CODE_SIGN_STYLE = Automatic;
				CURRENT_PROJECT_VERSION = 1;
				DEVELOPMENT_ASSET_PATHS = "\"Environmental Feedback/Preview Content\"";
				DEVELOPMENT_TEAM = JJM4XR9TZN;
				ENABLE_PREVIEWS = YES;
				GENERATE_INFOPLIST_FILE = YES;
				INFOPLIST_FILE = "Environmental-Feedback-Info.plist";
				INFOPLIST_KEY_CFBundleDisplayName = "";
				INFOPLIST_KEY_LSApplicationCategoryType = "public.app-category.lifestyle";
				INFOPLIST_KEY_NSCameraUsageDescription = "Control sound with your head";
				INFOPLIST_KEY_NSMicrophoneUsageDescription = "Microphone needed for capturing enviroment";
				INFOPLIST_KEY_UIApplicationSceneManifest_Generation = YES;
				INFOPLIST_KEY_UIApplicationSupportsIndirectInputEvents = YES;
				INFOPLIST_KEY_UILaunchScreen_Generation = YES;
				INFOPLIST_KEY_UISupportedInterfaceOrientations_iPad = "UIInterfaceOrientationPortrait UIInterfaceOrientationPortraitUpsideDown UIInterfaceOrientationLandscapeLeft UIInterfaceOrientationLandscapeRight";
				INFOPLIST_KEY_UISupportedInterfaceOrientations_iPhone = "UIInterfaceOrientationPortrait UIInterfaceOrientationLandscapeLeft UIInterfaceOrientationLandscapeRight";
				LD_RUNPATH_SEARCH_PATHS = (
					"$(inherited)",
					"@executable_path/Frameworks",
				);
				MARKETING_VERSION = 0.0.2;
				PRODUCT_BUNDLE_IDENTIFIER = "nl.symphonic-emotions.Environmental-Feedback";
				PRODUCT_NAME = "$(TARGET_NAME)";
				SWIFT_EMIT_LOC_STRINGS = YES;
				SWIFT_VERSION = 5.0;
				TARGETED_DEVICE_FAMILY = "1,2";
			};
			name = Debug;
		};
		7C205A5A2C5F626700646C10 /* Release */ = {
			isa = XCBuildConfiguration;
			buildSettings = {
				ASSETCATALOG_COMPILER_APPICON_NAME = AppIcon;
				ASSETCATALOG_COMPILER_GLOBAL_ACCENT_COLOR_NAME = AccentColor;
				CODE_SIGN_STYLE = Automatic;
				CURRENT_PROJECT_VERSION = 1;
				DEVELOPMENT_ASSET_PATHS = "\"Environmental Feedback/Preview Content\"";
				DEVELOPMENT_TEAM = JJM4XR9TZN;
				ENABLE_PREVIEWS = YES;
				GENERATE_INFOPLIST_FILE = YES;
				INFOPLIST_FILE = "Environmental-Feedback-Info.plist";
				INFOPLIST_KEY_CFBundleDisplayName = "";
				INFOPLIST_KEY_LSApplicationCategoryType = "public.app-category.lifestyle";
				INFOPLIST_KEY_NSCameraUsageDescription = "Control sound with your head";
				INFOPLIST_KEY_NSMicrophoneUsageDescription = "Microphone needed for capturing enviroment";
				INFOPLIST_KEY_UIApplicationSceneManifest_Generation = YES;
				INFOPLIST_KEY_UIApplicationSupportsIndirectInputEvents = YES;
				INFOPLIST_KEY_UILaunchScreen_Generation = YES;
				INFOPLIST_KEY_UISupportedInterfaceOrientations_iPad = "UIInterfaceOrientationPortrait UIInterfaceOrientationPortraitUpsideDown UIInterfaceOrientationLandscapeLeft UIInterfaceOrientationLandscapeRight";
				INFOPLIST_KEY_UISupportedInterfaceOrientations_iPhone = "UIInterfaceOrientationPortrait UIInterfaceOrientationLandscapeLeft UIInterfaceOrientationLandscapeRight";
				LD_RUNPATH_SEARCH_PATHS = (
					"$(inherited)",
					"@executable_path/Frameworks",
				);
				MARKETING_VERSION = 0.0.2;
				PRODUCT_BUNDLE_IDENTIFIER = "nl.symphonic-emotions.environmental-feedback";
				PRODUCT_NAME = "$(TARGET_NAME)";
				SWIFT_EMIT_LOC_STRINGS = YES;
				SWIFT_VERSION = 5.0;
				TARGETED_DEVICE_FAMILY = "1,2";
			};
			name = Release;
		};
/* End XCBuildConfiguration section */

/* Begin XCConfigurationList section */
		7C205A452C5F626500646C10 /* Build configuration list for PBXProject "Environmental Feedback" */ = {
			isa = XCConfigurationList;
			buildConfigurations = (
				7C205A562C5F626700646C10 /* Debug */,
				7C205A572C5F626700646C10 /* Release */,
			);
			defaultConfigurationIsVisible = 0;
			defaultConfigurationName = Release;
		};
		7C205A582C5F626700646C10 /* Build configuration list for PBXNativeTarget "Environmental Feedback" */ = {
			isa = XCConfigurationList;
			buildConfigurations = (
				7C205A592C5F626700646C10 /* Debug */,
				7C205A5A2C5F626700646C10 /* Release */,
			);
			defaultConfigurationIsVisible = 0;
			defaultConfigurationName = Release;
		};
/* End XCConfigurationList section */

/* Begin XCRemoteSwiftPackageReference section */
		7C205A5D2C5F653400646C10 /* XCRemoteSwiftPackageReference "AudioKit" */ = {
			isa = XCRemoteSwiftPackageReference;
			repositoryURL = "https://github.com/AudioKit/AudioKit.git";
			requirement = {
				kind = upToNextMajorVersion;
				minimumVersion = 5.6.4;
			};
		};
		7C4FEBBC2C64C382000E2865 /* XCRemoteSwiftPackageReference "AudioKitUI" */ = {
			isa = XCRemoteSwiftPackageReference;
			repositoryURL = "https://github.com/AudioKit/AudioKitUI.git";
			requirement = {
				kind = upToNextMajorVersion;
				minimumVersion = 0.3.7;
			};
		};
		7CD1CB742C68BA5500887861 /* XCRemoteSwiftPackageReference "AudioKitEX" */ = {
			isa = XCRemoteSwiftPackageReference;
			repositoryURL = "https://github.com/AudioKit/AudioKitEX.git";
			requirement = {
				kind = upToNextMajorVersion;
				minimumVersion = 5.6.0;
			};
		};
		7CD1CB862C70971D00887861 /* XCRemoteSwiftPackageReference "SoundpipeAudioKit" */ = {
			isa = XCRemoteSwiftPackageReference;
			repositoryURL = "https://github.com/AudioKit/SoundpipeAudioKit";
			requirement = {
				kind = upToNextMajorVersion;
				minimumVersion = 5.6.1;
			};
		};
		7CF1AAE22C81353D005AF481 /* XCRemoteSwiftPackageReference "SporthAudioKit" */ = {
			isa = XCRemoteSwiftPackageReference;
			repositoryURL = "https://github.com/AudioKit/SporthAudioKit";
			requirement = {
				kind = upToNextMajorVersion;
				minimumVersion = 5.5.1;
			};
		};
/* End XCRemoteSwiftPackageReference section */

/* Begin XCSwiftPackageProductDependency section */
		7C205A5E2C5F653400646C10 /* AudioKit */ = {
			isa = XCSwiftPackageProductDependency;
			package = 7C205A5D2C5F653400646C10 /* XCRemoteSwiftPackageReference "AudioKit" */;
			productName = AudioKit;
		};
		7C4FEBBD2C64C382000E2865 /* AudioKitUI */ = {
			isa = XCSwiftPackageProductDependency;
			package = 7C4FEBBC2C64C382000E2865 /* XCRemoteSwiftPackageReference "AudioKitUI" */;
			productName = AudioKitUI;
		};
		7CD1CB752C68BA5500887861 /* AudioKitEX */ = {
			isa = XCSwiftPackageProductDependency;
			package = 7CD1CB742C68BA5500887861 /* XCRemoteSwiftPackageReference "AudioKitEX" */;
			productName = AudioKitEX;
		};
		7CD1CB872C70971D00887861 /* SoundpipeAudioKit */ = {
			isa = XCSwiftPackageProductDependency;
			package = 7CD1CB862C70971D00887861 /* XCRemoteSwiftPackageReference "SoundpipeAudioKit" */;
			productName = SoundpipeAudioKit;
		};
		7CF1AAE32C81353D005AF481 /* SporthAudioKit */ = {
			isa = XCSwiftPackageProductDependency;
			package = 7CF1AAE22C81353D005AF481 /* XCRemoteSwiftPackageReference "SporthAudioKit" */;
			productName = SporthAudioKit;
		};
/* End XCSwiftPackageProductDependency section */
	};
	rootObject = 7C205A422C5F626500646C10 /* Project object */;
}
